
Microsoft Visual Studio Solution File, Format Version 12.00
Project("{2150E333-8FDC-42A3-9474-1A3956D46DE8}") = "src", "src", "{A2ADD142-9341-4641-927E-19F68CD1F73B}"
EndProject
Project("{FAE04EC0-301F-11D3-BF4B-00C04F79EFBC}") = "MediatR.Remote", "src\MediatR.Remote\MediatR.Remote.csproj", "{3910112E-F083-49FD-B5DD-6E262F12EDE5}"
EndProject
Project("{FAE04EC0-301F-11D3-BF4B-00C04F79EFBC}") = "MediatR.Remote.Extensions.DependencyInjection", "src\MediatR.Remote.Extensions.DependencyInjection\MediatR.Remote.Extensions.DependencyInjection.csproj", "{930C85B4-F08B-4E0B-9664-733757617FE2}"
EndProject
Project("{2150E333-8FDC-42A3-9474-1A3956D46DE8}") = "examples", "examples", "{2F0817D8-9AC7-4FE0-B5D0-93DE031F5C74}"
	ProjectSection(SolutionItems) = preProject
		examples\docker-compose.yml = examples\docker-compose.yml
	EndProjectSection
EndProject
Project("{FAE04EC0-301F-11D3-BF4B-00C04F79EFBC}") = "PublicApi", "examples\PublicApi\PublicApi.csproj", "{0334411C-0D98-4765-A6DB-E3DC3A533CB5}"
EndProject
Project("{FAE04EC0-301F-11D3-BF4B-00C04F79EFBC}") = "InternalApi1", "examples\InternalApi1\InternalApi1.csproj", "{F37CB916-C532-4739-A1AB-78B128EF138C}"
EndProject
Project("{FAE04EC0-301F-11D3-BF4B-00C04F79EFBC}") = "InternalApi2", "examples\InternalApi2\InternalApi2.csproj", "{1950FA11-5918-47F3-BAB8-D6DD9FBE50B7}"
EndProject
Project("{FAE04EC0-301F-11D3-BF4B-00C04F79EFBC}") = "Messages", "examples\Messages\Messages.csproj", "{5C9F9F91-27E6-4ABC-BA1A-4238CCFD3E40}"
EndProject
Project("{FAE04EC0-301F-11D3-BF4B-00C04F79EFBC}") = "MediatR.Remote.Grpc", "src\MediatR.Remote.Grpc\MediatR.Remote.Grpc.csproj", "{CCF66B89-6E86-4C4E-BC8F-CD5C805C461D}"
EndProject
Global
	GlobalSection(SolutionConfigurationPlatforms) = preSolution
		Debug|Any CPU = Debug|Any CPU
		Release|Any CPU = Release|Any CPU
	EndGlobalSection
	GlobalSection(ProjectConfigurationPlatforms) = postSolution
		{3910112E-F083-49FD-B5DD-6E262F12EDE5}.Debug|Any CPU.ActiveCfg = Debug|Any CPU
		{3910112E-F083-49FD-B5DD-6E262F12EDE5}.Debug|Any CPU.Build.0 = Debug|Any CPU
		{3910112E-F083-49FD-B5DD-6E262F12EDE5}.Release|Any CPU.ActiveCfg = Release|Any CPU
		{3910112E-F083-49FD-B5DD-6E262F12EDE5}.Release|Any CPU.Build.0 = Release|Any CPU
		{930C85B4-F08B-4E0B-9664-733757617FE2}.Debug|Any CPU.ActiveCfg = Debug|Any CPU
		{930C85B4-F08B-4E0B-9664-733757617FE2}.Debug|Any CPU.Build.0 = Debug|Any CPU
		{930C85B4-F08B-4E0B-9664-733757617FE2}.Release|Any CPU.ActiveCfg = Release|Any CPU
		{930C85B4-F08B-4E0B-9664-733757617FE2}.Release|Any CPU.Build.0 = Release|Any CPU
		{0334411C-0D98-4765-A6DB-E3DC3A533CB5}.Debug|Any CPU.ActiveCfg = Debug|Any CPU
		{0334411C-0D98-4765-A6DB-E3DC3A533CB5}.Debug|Any CPU.Build.0 = Debug|Any CPU
		{0334411C-0D98-4765-A6DB-E3DC3A533CB5}.Release|Any CPU.ActiveCfg = Release|Any CPU
		{0334411C-0D98-4765-A6DB-E3DC3A533CB5}.Release|Any CPU.Build.0 = Release|Any CPU
		{F37CB916-C532-4739-A1AB-78B128EF138C}.Debug|Any CPU.ActiveCfg = Debug|Any CPU
		{F37CB916-C532-4739-A1AB-78B128EF138C}.Debug|Any CPU.Build.0 = Debug|Any CPU
		{F37CB916-C532-4739-A1AB-78B128EF138C}.Release|Any CPU.ActiveCfg = Release|Any CPU
		{F37CB916-C532-4739-A1AB-78B128EF138C}.Release|Any CPU.Build.0 = Release|Any CPU
		{1950FA11-5918-47F3-BAB8-D6DD9FBE50B7}.Debug|Any CPU.ActiveCfg = Debug|Any CPU
		{1950FA11-5918-47F3-BAB8-D6DD9FBE50B7}.Debug|Any CPU.Build.0 = Debug|Any CPU
		{1950FA11-5918-47F3-BAB8-D6DD9FBE50B7}.Release|Any CPU.ActiveCfg = Release|Any CPU
		{1950FA11-5918-47F3-BAB8-D6DD9FBE50B7}.Release|Any CPU.Build.0 = Release|Any CPU
		{5C9F9F91-27E6-4ABC-BA1A-4238CCFD3E40}.Debug|Any CPU.ActiveCfg = Debug|Any CPU
		{5C9F9F91-27E6-4ABC-BA1A-4238CCFD3E40}.Debug|Any CPU.Build.0 = Debug|Any CPU
		{5C9F9F91-27E6-4ABC-BA1A-4238CCFD3E40}.Release|Any CPU.ActiveCfg = Release|Any CPU
		{5C9F9F91-27E6-4ABC-BA1A-4238CCFD3E40}.Release|Any CPU.Build.0 = Release|Any CPU
		{CCF66B89-6E86-4C4E-BC8F-CD5C805C461D}.Debug|Any CPU.ActiveCfg = Debug|Any CPU
		{CCF66B89-6E86-4C4E-BC8F-CD5C805C461D}.Debug|Any CPU.Build.0 = Debug|Any CPU
		{CCF66B89-6E86-4C4E-BC8F-CD5C805C461D}.Release|Any CPU.ActiveCfg = Release|Any CPU
		{CCF66B89-6E86-4C4E-BC8F-CD5C805C461D}.Release|Any CPU.Build.0 = Release|Any CPU
	EndGlobalSection
	GlobalSection(NestedProjects) = preSolution
		{3910112E-F083-49FD-B5DD-6E262F12EDE5} = {A2ADD142-9341-4641-927E-19F68CD1F73B}
		{930C85B4-F08B-4E0B-9664-733757617FE2} = {A2ADD142-9341-4641-927E-19F68CD1F73B}
		{CCF66B89-6E86-4C4E-BC8F-CD5C805C461D} = {A2ADD142-9341-4641-927E-19F68CD1F73B}
		{F37CB916-C532-4739-A1AB-78B128EF138C} = {2F0817D8-9AC7-4FE0-B5D0-93DE031F5C74}
		{1950FA11-5918-47F3-BAB8-D6DD9FBE50B7} = {2F0817D8-9AC7-4FE0-B5D0-93DE031F5C74}
		{5C9F9F91-27E6-4ABC-BA1A-4238CCFD3E40} = {2F0817D8-9AC7-4FE0-B5D0-93DE031F5C74}
		{0334411C-0D98-4765-A6DB-E3DC3A533CB5} = {2F0817D8-9AC7-4FE0-B5D0-93DE031F5C74}
	EndGlobalSection
EndGlobal
